
Microsoft Visual Studio Solution File, Format Version 12.00
# Visual Studio Version 17
VisualStudioVersion = 17.3.32825.248
MinimumVisualStudioVersion = 10.0.40219.1
Project("{FAE04EC0-301F-11D3-BF4B-00C04F79EFBC}") = "FL2022-Assignment1-jcarter", "FL2022-Assignment1-jcarter.csproj", "{A713D335-07BE-4787-A3BE-3AFCCA74897B}"
EndProject
Global
	GlobalSection(SolutionConfigurationPlatforms) = preSolution
		Debug|Any CPU = Debug|Any CPU
		Release|Any CPU = Release|Any CPU
	EndGlobalSection
	GlobalSection(ProjectConfigurationPlatforms) = postSolution
		{A713D335-07BE-4787-A3BE-3AFCCA74897B}.Debug|Any CPU.ActiveCfg = Debug|Any CPU
		{A713D335-07BE-4787-A3BE-3AFCCA74897B}.Debug|Any CPU.Build.0 = Debug|Any CPU
		{A713D335-07BE-4787-A3BE-3AFCCA74897B}.Release|Any CPU.ActiveCfg = Release|Any CPU
		{A713D335-07BE-4787-A3BE-3AFCCA74897B}.Release|Any CPU.Build.0 = Release|Any CPU
	EndGlobalSection
	GlobalSection(SolutionProperties) = preSolution
		HideSolutionNode = FALSE
	EndGlobalSection
	GlobalSection(ExtensibilityGlobals) = postSolution
		SolutionGuid = {3619230F-2812-4108-AFD4-14E964220585}
	EndGlobalSection
EndGlobal
